
Microsoft Visual Studio Solution File, Format Version 12.00
# Visual Studio Version 16
VisualStudioVersion = 16.0.29215.179
MinimumVisualStudioVersion = 10.0.40219.1
Project("{FAE04EC0-301F-11D3-BF4B-00C04F79EFBC}") = "NumericalSequence", "NumericalSequence\NumericalSequence.csproj", "{BE5DC8FA-514F-4425-8C19-068F0A0D0C6E}"
EndProject
Project("{9A19103F-16F7-4668-BE54-9A1E7A4F7556}") = "Validation", "Validation\Validation.csproj", "{EB67766B-4732-4C7F-8A36-2F215C7AAFCA}"
EndProject
Project("{9A19103F-16F7-4668-BE54-9A1E7A4F7556}") = "UserInterface", "UserInterface\UserInterface.csproj", "{598BBE00-D11C-4B53-849C-8F4A667396CE}"
EndProject
Project("{FAE04EC0-301F-11D3-BF4B-00C04F79EFBC}") = "ChessBoard", "ChessBoard\ChessBoard.csproj", "{C17E9E2D-E4EB-4107-9B9E-10AF93BD1526}"
EndProject
Project("{FAE04EC0-301F-11D3-BF4B-00C04F79EFBC}") = "Envelopes", "Envelopes\Envelopes.csproj", "{2CC8D16F-223A-454F-86E0-DAE38519C741}"
EndProject
Project("{FAE04EC0-301F-11D3-BF4B-00C04F79EFBC}") = "Fibonacci", "Fibonacci\Fibonacci.csproj", "{6D44C8ED-DD44-4E66-A281-D2B97D8D4336}"
EndProject
Project("{FAE04EC0-301F-11D3-BF4B-00C04F79EFBC}") = "TriangleSort", "Triangles\TriangleSort.csproj", "{C18760CE-56EF-4FD5-A51F-83E091051933}"
EndProject
Project("{FAE04EC0-301F-11D3-BF4B-00C04F79EFBC}") = "FileParser", "FileParser\FileParser.csproj", "{51323C45-2FC1-4497-A8B2-B3A55952ACBE}"
EndProject
Project("{FAE04EC0-301F-11D3-BF4B-00C04F79EFBC}") = "NumericIntoWords", "NumericIntoWords\NumericIntoWords.csproj", "{7B064E12-CEA5-4599-B8F1-725C62FAA2FA}"
EndProject
Project("{FAE04EC0-301F-11D3-BF4B-00C04F79EFBC}") = "LuckyTickets", "LuckyTickets\LuckyTickets.csproj", "{0B77702F-B2C2-4FA6-9EB1-6F4A84F31264}"
EndProject
Project("{FAE04EC0-301F-11D3-BF4B-00C04F79EFBC}") = "NumericalSequence.Tests", "NumericalSequence.Tests\NumericalSequence.Tests.csproj", "{7C2D3E12-0097-47D1-B321-53B355631D2C}"
EndProject
Project("{FAE04EC0-301F-11D3-BF4B-00C04F79EFBC}") = "TriangleSort.Tests", "TriangleSort.Tests\TriangleSort.Tests.csproj", "{DC39DFBD-D39B-4111-991A-E7264172A19C}"
EndProject
Global
	GlobalSection(SolutionConfigurationPlatforms) = preSolution
		Debug|Any CPU = Debug|Any CPU
		Release|Any CPU = Release|Any CPU
	EndGlobalSection
	GlobalSection(ProjectConfigurationPlatforms) = postSolution
		{BE5DC8FA-514F-4425-8C19-068F0A0D0C6E}.Debug|Any CPU.ActiveCfg = Debug|Any CPU
		{BE5DC8FA-514F-4425-8C19-068F0A0D0C6E}.Debug|Any CPU.Build.0 = Debug|Any CPU
		{BE5DC8FA-514F-4425-8C19-068F0A0D0C6E}.Release|Any CPU.ActiveCfg = Release|Any CPU
		{BE5DC8FA-514F-4425-8C19-068F0A0D0C6E}.Release|Any CPU.Build.0 = Release|Any CPU
		{EB67766B-4732-4C7F-8A36-2F215C7AAFCA}.Debug|Any CPU.ActiveCfg = Debug|Any CPU
		{EB67766B-4732-4C7F-8A36-2F215C7AAFCA}.Debug|Any CPU.Build.0 = Debug|Any CPU
		{EB67766B-4732-4C7F-8A36-2F215C7AAFCA}.Release|Any CPU.ActiveCfg = Release|Any CPU
		{EB67766B-4732-4C7F-8A36-2F215C7AAFCA}.Release|Any CPU.Build.0 = Release|Any CPU
		{598BBE00-D11C-4B53-849C-8F4A667396CE}.Debug|Any CPU.ActiveCfg = Debug|Any CPU
		{598BBE00-D11C-4B53-849C-8F4A667396CE}.Debug|Any CPU.Build.0 = Debug|Any CPU
		{598BBE00-D11C-4B53-849C-8F4A667396CE}.Release|Any CPU.ActiveCfg = Release|Any CPU
		{598BBE00-D11C-4B53-849C-8F4A667396CE}.Release|Any CPU.Build.0 = Release|Any CPU
		{C17E9E2D-E4EB-4107-9B9E-10AF93BD1526}.Debug|Any CPU.ActiveCfg = Debug|Any CPU
		{C17E9E2D-E4EB-4107-9B9E-10AF93BD1526}.Debug|Any CPU.Build.0 = Debug|Any CPU
		{C17E9E2D-E4EB-4107-9B9E-10AF93BD1526}.Release|Any CPU.ActiveCfg = Release|Any CPU
		{C17E9E2D-E4EB-4107-9B9E-10AF93BD1526}.Release|Any CPU.Build.0 = Release|Any CPU
		{2CC8D16F-223A-454F-86E0-DAE38519C741}.Debug|Any CPU.ActiveCfg = Debug|Any CPU
		{2CC8D16F-223A-454F-86E0-DAE38519C741}.Debug|Any CPU.Build.0 = Debug|Any CPU
		{2CC8D16F-223A-454F-86E0-DAE38519C741}.Release|Any CPU.ActiveCfg = Release|Any CPU
		{2CC8D16F-223A-454F-86E0-DAE38519C741}.Release|Any CPU.Build.0 = Release|Any CPU
		{6D44C8ED-DD44-4E66-A281-D2B97D8D4336}.Debug|Any CPU.ActiveCfg = Debug|Any CPU
		{6D44C8ED-DD44-4E66-A281-D2B97D8D4336}.Debug|Any CPU.Build.0 = Debug|Any CPU
		{6D44C8ED-DD44-4E66-A281-D2B97D8D4336}.Release|Any CPU.ActiveCfg = Release|Any CPU
		{6D44C8ED-DD44-4E66-A281-D2B97D8D4336}.Release|Any CPU.Build.0 = Release|Any CPU
		{C18760CE-56EF-4FD5-A51F-83E091051933}.Debug|Any CPU.ActiveCfg = Debug|Any CPU
		{C18760CE-56EF-4FD5-A51F-83E091051933}.Debug|Any CPU.Build.0 = Debug|Any CPU
		{C18760CE-56EF-4FD5-A51F-83E091051933}.Release|Any CPU.ActiveCfg = Release|Any CPU
		{C18760CE-56EF-4FD5-A51F-83E091051933}.Release|Any CPU.Build.0 = Release|Any CPU
		{51323C45-2FC1-4497-A8B2-B3A55952ACBE}.Debug|Any CPU.ActiveCfg = Debug|Any CPU
		{51323C45-2FC1-4497-A8B2-B3A55952ACBE}.Debug|Any CPU.Build.0 = Debug|Any CPU
		{51323C45-2FC1-4497-A8B2-B3A55952ACBE}.Release|Any CPU.ActiveCfg = Release|Any CPU
		{51323C45-2FC1-4497-A8B2-B3A55952ACBE}.Release|Any CPU.Build.0 = Release|Any CPU
		{7B064E12-CEA5-4599-B8F1-725C62FAA2FA}.Debug|Any CPU.ActiveCfg = Debug|Any CPU
		{7B064E12-CEA5-4599-B8F1-725C62FAA2FA}.Debug|Any CPU.Build.0 = Debug|Any CPU
		{7B064E12-CEA5-4599-B8F1-725C62FAA2FA}.Release|Any CPU.ActiveCfg = Release|Any CPU
		{7B064E12-CEA5-4599-B8F1-725C62FAA2FA}.Release|Any CPU.Build.0 = Release|Any CPU
		{0B77702F-B2C2-4FA6-9EB1-6F4A84F31264}.Debug|Any CPU.ActiveCfg = Debug|Any CPU
		{0B77702F-B2C2-4FA6-9EB1-6F4A84F31264}.Debug|Any CPU.Build.0 = Debug|Any CPU
		{0B77702F-B2C2-4FA6-9EB1-6F4A84F31264}.Release|Any CPU.ActiveCfg = Release|Any CPU
		{0B77702F-B2C2-4FA6-9EB1-6F4A84F31264}.Release|Any CPU.Build.0 = Release|Any CPU
		{7C2D3E12-0097-47D1-B321-53B355631D2C}.Debug|Any CPU.ActiveCfg = Debug|Any CPU
		{7C2D3E12-0097-47D1-B321-53B355631D2C}.Debug|Any CPU.Build.0 = Debug|Any CPU
		{7C2D3E12-0097-47D1-B321-53B355631D2C}.Release|Any CPU.ActiveCfg = Release|Any CPU
		{7C2D3E12-0097-47D1-B321-53B355631D2C}.Release|Any CPU.Build.0 = Release|Any CPU
		{DC39DFBD-D39B-4111-991A-E7264172A19C}.Debug|Any CPU.ActiveCfg = Debug|Any CPU
		{DC39DFBD-D39B-4111-991A-E7264172A19C}.Debug|Any CPU.Build.0 = Debug|Any CPU
		{DC39DFBD-D39B-4111-991A-E7264172A19C}.Release|Any CPU.ActiveCfg = Release|Any CPU
		{DC39DFBD-D39B-4111-991A-E7264172A19C}.Release|Any CPU.Build.0 = Release|Any CPU
	EndGlobalSection
	GlobalSection(SolutionProperties) = preSolution
		HideSolutionNode = FALSE
	EndGlobalSection
	GlobalSection(ExtensibilityGlobals) = postSolution
		SolutionGuid = {E721952C-F0F7-496F-8857-6202371D5BBA}
	EndGlobalSection
EndGlobal
